lockfileVersion: '9.0'

settings:
  autoInstallPeers: true
  excludeLinksFromLockfile: false

importers:

  .:
    dependencies:
      '@ai-sdk/openai':
        specifier: ^1.0.8
        version: 1.0.8(zod@3.24.1)
      '@cloudflare/workers-types':
        specifier: ^4.20241205.0
        version: 4.20241205.0
      '@types/node':
        specifier: ^22.10.2
        version: 22.10.2
      ai:
        specifier: ^4.0.18
        version: 4.0.18(react@18.3.1)(zod@3.24.1)
      hono:
        specifier: ^4.6.14
        version: 4.6.14
      typescript:
        specifier: ^5.7.2
        version: 5.7.2

packages:

  '@ai-sdk/openai@1.0.8':
    resolution: {integrity: sha512-wcTHM9qgRWGYVO3WxPSTN/RwnZ9R5/17xyo61iUCCSCZaAuJyh6fKddO0/oamwDp3BG7g+4wbfAyuTo32H+fHw==}
    engines: {node: '>=18'}
    peerDependencies:
      zod: ^3.0.0

  '@ai-sdk/provider-utils@2.0.4':
    resolution: {integrity: sha512-GMhcQCZbwM6RoZCri0MWeEWXRt/T+uCxsmHEsTwNvEH3GDjNzchfX25C8ftry2MeEOOn6KfqCLSKomcgK6RoOg==}
    engines: {node: '>=18'}
    peerDependencies:
      zod: ^3.0.0
    peerDependenciesMeta:
      zod:
        optional: true

  '@ai-sdk/provider@1.0.2':
    resolution: {integrity: sha512-YYtP6xWQyaAf5LiWLJ+ycGTOeBLWrED7LUrvc+SQIWhGaneylqbaGsyQL7VouQUeQ4JZ1qKYZuhmi3W56HADPA==}
    engines: {node: '>=18'}

  '@ai-sdk/react@1.0.6':
    resolution: {integrity: sha512-8Hkserq0Ge6AEi7N4hlv2FkfglAGbkoAXEZ8YSp255c3PbnZz6+/5fppw+aROmZMOfNwallSRuy1i/iPa2rBpQ==}
    engines: {node: '>=18'}
    peerDependencies:
      react: ^18 || ^19 || ^19.0.0-rc
      zod: ^3.0.0
    peerDependenciesMeta:
      react:
        optional: true
      zod:
        optional: true

  '@ai-sdk/ui-utils@1.0.5':
    resolution: {integrity: sha512-DGJSbDf+vJyWmFNexSPUsS1AAy7gtsmFmoSyNbNbJjwl9hRIf2dknfA1V0ahx6pg3NNklNYFm53L8Nphjovfvg==}
    engines: {node: '>=18'}
    peerDependencies:
      zod: ^3.0.0
    peerDependenciesMeta:
      zod:
        optional: true

  '@cloudflare/workers-types@4.20241205.0':
    resolution: {integrity: sha512-pj1VKRHT/ScQbHOIMFODZaNAlJHQHdBSZXNIdr9ebJzwBff9Qz8VdqhbhggV7f+aUEh8WSbrsPIo4a+WtgjUvw==}

  '@opentelemetry/api@1.9.0':
    resolution: {integrity: sha512-3giAOQvZiH5F9bMlMiv8+GSPMeqg0dbaeo58/0SlA9sxSqZhnUtxzX9/2FzyhS9sWQf5S0GJE0AKBrFqjpeYcg==}
    engines: {node: '>=8.0.0'}

  '@types/diff-match-patch@1.0.36':
    resolution: {integrity: sha512-xFdR6tkm0MWvBfO8xXCSsinYxHcqkQUlcHeSpMC2ukzOb6lwQAfDmW+Qt0AvlGd8HpsS28qKsB+oPeJn9I39jg==}

  '@types/node@22.10.2':
    resolution: {integrity: sha512-Xxr6BBRCAOQixvonOye19wnzyDiUtTeqldOOmj3CkeblonbccA12PFwlufvRdrpjXxqnmUaeiU5EOA+7s5diUQ==}

  ai@4.0.18:
    resolution: {integrity: sha512-BTWzalLNE1LQphEka5xzJXDs5v4xXy1Uzr7dAVk+C/CnO3WNpuMBgrCymwUv0VrWaWc8xMQuh+OqsT7P7JyekQ==}
    engines: {node: '>=18'}
    peerDependencies:
      react: ^18 || ^19 || ^19.0.0-rc
      zod: ^3.0.0
    peerDependenciesMeta:
      react:
        optional: true
      zod:
        optional: true

  chalk@5.3.0:
    resolution: {integrity: sha512-dLitG79d+GV1Nb/VYcCDFivJeK1hiukt9QjRNVOsUtTy1rR1YJsmpGGTZ3qJos+uw7WmWF4wUwBd9jxjocFC2w==}
    engines: {node: ^12.17.0 || ^14.13 || >=16.0.0}

  client-only@0.0.1:
    resolution: {integrity: sha512-IV3Ou0jSMzZrd3pZ48nLkT9DA7Ag1pnPzaiQhpW7c3RbcqqzvzzVu+L8gfqMp/8IM2MQtSiqaCxrrcfu8I8rMA==}

  diff-match-patch@1.0.5:
    resolution: {integrity: sha512-IayShXAgj/QMXgB0IWmKx+rOPuGMhqm5w6jvFxmVenXKIzRqTAAsbBPT3kWQeGANj3jGgvcvv4yK6SxqYmikgw==}

  eventsource-parser@3.0.0:
    resolution: {integrity: sha512-T1C0XCUimhxVQzW4zFipdx0SficT651NnkR0ZSH3yQwh+mFMdLfgjABVi4YtMTtaL4s168593DaoaRLMqryavA==}
    engines: {node: '>=18.0.0'}

  hono@4.6.14:
    resolution: {integrity: sha512-j4VkyUp2xazGJ8eCCLN1Vm/bxdvm/j5ZuU9AIjLu9vapn2M44p9L3Ktr9Vnb2RN2QtcR/wVjZVMlT5k7GJQgPw==}
    engines: {node: '>=16.9.0'}

  js-tokens@4.0.0:
    resolution: {integrity: sha512-RdJUflcE3cUzKiMqQgsCu06FPu9UdIJO0beYbPhHN4k6apgJtifcoCtT9bcxOpYBtpD2kCM6Sbzg4CausW/PKQ==}

  json-schema@0.4.0:
    resolution: {integrity: sha512-es94M3nTIfsEPisRafak+HDLfHXnKBhV3vU5eqPcS3flIWqcxJWgXHXiey3YrpaNsanY5ei1VoYEbOzijuq9BA==}

  jsondiffpatch@0.6.0:
    resolution: {integrity: sha512-3QItJOXp2AP1uv7waBkao5nCvhEv+QmJAd38Ybq7wNI74Q+BBmnLn4EDKz6yI9xGAIQoUF87qHt+kc1IVxB4zQ==}
    engines: {node: ^18.0.0 || >=20.0.0}
    hasBin: true

  loose-envify@1.4.0:
    resolution: {integrity: sha512-lyuxPGr/Wfhrlem2CL/UcnUc1zcqKAImBDzukY7Y5F/yQiNdko6+fRLevlw1HgMySw7f611UIY408EtxRSoK3Q==}
    hasBin: true

  nanoid@3.3.8:
    resolution: {integrity: sha512-WNLf5Sd8oZxOm+TzppcYk8gVOgP+l58xNy58D0nbUnOxOWRWvlcCV4kUF7ltmI6PsrLl/BgKEyS4mqsGChFN0w==}
    engines: {node: ^10 || ^12 || ^13.7 || ^14 || >=15.0.1}
    hasBin: true

  react@18.3.1:
    resolution: {integrity: sha512-wS+hAgJShR0KhEvPJArfuPVN1+Hz1t0Y6n5jLrGQbkb4urgPE/0Rve+1kMB1v/oWgHgm4WIcV+i7F2pTVj+2iQ==}
    engines: {node: '>=0.10.0'}

  secure-json-parse@2.7.0:
    resolution: {integrity: sha512-6aU+Rwsezw7VR8/nyvKTx8QpWH9FrcYiXXlqC4z5d5XQBDRqtbfsRjnwGyqbi3gddNtWHuEk9OANUotL26qKUw==}

  swr@2.2.5:
    resolution: {integrity: sha512-QtxqyclFeAsxEUeZIYmsaQ0UjimSq1RZ9Un7I68/0ClKK/U3LoyQunwkQfJZr2fc22DfIXLNDc2wFyTEikCUpg==}
    peerDependencies:
      react: ^16.11.0 || ^17.0.0 || ^18.0.0

  throttleit@2.1.0:
    resolution: {integrity: sha512-nt6AMGKW1p/70DF/hGBdJB57B8Tspmbp5gfJ8ilhLnt7kkr2ye7hzD6NVG8GGErk2HWF34igrL2CXmNIkzKqKw==}
    engines: {node: '>=18'}

  typescript@5.7.2:
    resolution: {integrity: sha512-i5t66RHxDvVN40HfDd1PsEThGNnlMCMT3jMUuoh9/0TaqWevNontacunWyN02LA9/fIbEWlcHZcgTKb9QoaLfg==}
    engines: {node: '>=14.17'}
    hasBin: true

  undici-types@6.20.0:
    resolution: {integrity: sha512-Ny6QZ2Nju20vw1SRHe3d9jVu6gJ+4e3+MMpqu7pqE5HT6WsTSlce++GQmK5UXS8mzV8DSYHrQH+Xrf2jVcuKNg==}

  use-sync-external-store@1.4.0:
    resolution: {integrity: sha512-9WXSPC5fMv61vaupRkCKCxsPxBocVnwakBEkMIHHpkTTg6icbJtg6jzgtLDm4bl3cSHAca52rYWih0k4K3PfHw==}
    peerDependencies:
      react: ^16.8.0 || ^17.0.0 || ^18.0.0 || ^19.0.0

  zod-to-json-schema@3.24.1:
    resolution: {integrity: sha512-3h08nf3Vw3Wl3PK+q3ow/lIil81IT2Oa7YpQyUUDsEWbXveMesdfK1xBd2RhCkynwZndAxixji/7SYJJowr62w==}
    peerDependencies:
      zod: ^3.24.1

  zod@3.24.1:
    resolution: {integrity: sha512-muH7gBL9sI1nciMZV67X5fTKKBLtwpZ5VBp1vsOQzj1MhrBZ4wlVCm3gedKZWLp0Oyel8sIGfeiz54Su+OVT+A==}

snapshots:

  '@ai-sdk/openai@1.0.8(zod@3.24.1)':
    dependencies:
      '@ai-sdk/provider': 1.0.2
      '@ai-sdk/provider-utils': 2.0.4(zod@3.24.1)
      zod: 3.24.1

  '@ai-sdk/provider-utils@2.0.4(zod@3.24.1)':
    dependencies:
      '@ai-sdk/provider': 1.0.2
      eventsource-parser: 3.0.0
      nanoid: 3.3.8
      secure-json-parse: 2.7.0
    optionalDependencies:
      zod: 3.24.1

  '@ai-sdk/provider@1.0.2':
    dependencies:
      json-schema: 0.4.0

  '@ai-sdk/react@1.0.6(react@18.3.1)(zod@3.24.1)':
    dependencies:
      '@ai-sdk/provider-utils': 2.0.4(zod@3.24.1)
      '@ai-sdk/ui-utils': 1.0.5(zod@3.24.1)
      swr: 2.2.5(react@18.3.1)
      throttleit: 2.1.0
    optionalDependencies:
      react: 18.3.1
      zod: 3.24.1

  '@ai-sdk/ui-utils@1.0.5(zod@3.24.1)':
    dependencies:
      '@ai-sdk/provider': 1.0.2
      '@ai-sdk/provider-utils': 2.0.4(zod@3.24.1)
      zod-to-json-schema: 3.24.1(zod@3.24.1)
    optionalDependencies:
      zod: 3.24.1

  '@cloudflare/workers-types@4.20241205.0': {}

  '@opentelemetry/api@1.9.0': {}

  '@types/diff-match-patch@1.0.36': {}

  '@types/node@22.10.2':
    dependencies:
      undici-types: 6.20.0

  ai@4.0.18(react@18.3.1)(zod@3.24.1):
    dependencies:
      '@ai-sdk/provider': 1.0.2
      '@ai-sdk/provider-utils': 2.0.4(zod@3.24.1)
      '@ai-sdk/react': 1.0.6(react@18.3.1)(zod@3.24.1)
      '@ai-sdk/ui-utils': 1.0.5(zod@3.24.1)
      '@opentelemetry/api': 1.9.0
      jsondiffpatch: 0.6.0
      zod-to-json-schema: 3.24.1(zod@3.24.1)
    optionalDependencies:
      react: 18.3.1
      zod: 3.24.1

  chalk@5.3.0: {}

  client-only@0.0.1: {}

  diff-match-patch@1.0.5: {}

  eventsource-parser@3.0.0: {}

  hono@4.6.14: {}

  js-tokens@4.0.0: {}

  json-schema@0.4.0: {}

  jsondiffpatch@0.6.0:
    dependencies:
      '@types/diff-match-patch': 1.0.36
      chalk: 5.3.0
      diff-match-patch: 1.0.5

  loose-envify@1.4.0:
    dependencies:
      js-tokens: 4.0.0

  nanoid@3.3.8: {}

  react@18.3.1:
    dependencies:
      loose-envify: 1.4.0

  secure-json-parse@2.7.0: {}

  swr@2.2.5(react@18.3.1):
    dependencies:
      client-only: 0.0.1
      react: 18.3.1
      use-sync-external-store: 1.4.0(react@18.3.1)

  throttleit@2.1.0: {}

  typescript@5.7.2: {}

  undici-types@6.20.0: {}

  use-sync-external-store@1.4.0(react@18.3.1):
    dependencies:
      react: 18.3.1

  zod-to-json-schema@3.24.1(zod@3.24.1):
    dependencies:
      zod: 3.24.1

  zod@3.24.1: {}
